{
  "name": "node-dde",
  "version": "0.1.0",
  "lockfileVersion": 1,
  "requires": true,
  "dependencies": {
    "edge": {
      "version": "git://github.com/tjanczuk/edge.git#2d6b045e7862cd4160ac31dcdedda4ac627bc789",
      "requires": {
        "edge-cs": "1.2.1",
        "nan": "2.10.0"
      }
    },
    "edge-cs": {
      "version": "1.2.1",
      "resolved": "https://registry.npmjs.org/edge-cs/-/edge-cs-1.2.1.tgz",
      "integrity": "sha1-vRqezblO8O1AyJRYIEZ0nlcEXlo="
    },
    "nan": {
      "version": "2.10.0",
      "resolved": "https://registry.npmjs.org/nan/-/nan-2.10.0.tgz",
      "integrity": "sha512-bAdJv7fBLhWC+/Bls0Oza+mvTaNQtP+1RyhhhvD95pgUJz6XM5IzgmxOkItJ9tkoCiplvAnXI1tNmmUD/eScyA=="
    },
    "timelineplayer": {
      "version": "git://github.com/thunder9/timelineplayer.js.git#df3e0bfe3874cf238a74633fac9c5c3db22e6e51",
      "dev": true,
      "requires": {
        "underscore": "1.9.1"
      }
    },
    "underscore": {
      "version": "1.9.1",
      "resolved": "https://registry.npmjs.org/underscore/-/underscore-1.9.1.tgz",
      "integrity": "sha512-5/4etnCkd9c8gwgowi5/om/mYO5ajCaOgdzj/oW+0eQV9WxKBDZw5+ycmKmeaTXjInS/W0BzpGLo2xR2aBwZdg==",
      "dev": true
    }
  }
}
